
Microsoft Visual Studio Solution File, Format Version 12.00
# Visual Studio 15
VisualStudioVersion = 15.0.28307.329
MinimumVisualStudioVersion = 10.0.40219.1
Project("{FAE04EC0-301F-11D3-BF4B-00C04F79EFBC}") = "FileBackUp", "FileBackUp\FileBackUp.csproj", "{969CC5EE-354E-4064-B8FF-9E116BBBA2AB}"
EndProject
Global
	GlobalSection(SolutionConfigurationPlatforms) = preSolution
		Debug|Any CPU = Debug|Any CPU
		Release|Any CPU = Release|Any CPU
	EndGlobalSection
	GlobalSection(ProjectConfigurationPlatforms) = postSolution
		{969CC5EE-354E-4064-B8FF-9E116BBBA2AB}.Debug|Any CPU.ActiveCfg = Debug|Any CPU
		{969CC5EE-354E-4064-B8FF-9E116BBBA2AB}.Debug|Any CPU.Build.0 = Debug|Any CPU
		{969CC5EE-354E-4064-B8FF-9E116BBBA2AB}.Release|Any CPU.ActiveCfg = Release|Any CPU
		{969CC5EE-354E-4064-B8FF-9E116BBBA2AB}.Release|Any CPU.Build.0 = Release|Any CPU
	EndGlobalSection
	GlobalSection(SolutionProperties) = preSolution
		HideSolutionNode = FALSE
	EndGlobalSection
	GlobalSection(ExtensibilityGlobals) = postSolution
		SolutionGuid = {1FBFE6CA-C916-400E-A218-6577C0024D0D}
	EndGlobalSection
EndGlobal
